{
  "name": "neo4j-server",
  "version": "1.0.0",
  "lockfileVersion": 2,
  "requires": true,
  "packages": {
    "": {
      "name": "neo4j-server",
      "version": "1.0.0",
      "license": "ISC",
      "dependencies": {
        "neo4j-common": "file:../neo4j-common"
      },
      "devDependencies": {
        "typescript": "^4.4.4"
      }
    },
    "../neo4j-common": {
      "version": "1.0.0",
      "license": "ISC",
      "dependencies": {
        "@grpc/grpc-js": "^1.8.9",
        "google-protobuf": "^3.21.2"
      },
      "devDependencies": {
        "grpc_tools_node_protoc_ts": "^5.0.0",
        "nodemon": "^2.0.20",
        "typescript": "^4.4.4"
      }
    },
    "node_modules/neo4j-common": {
      "resolved": "../neo4j-common",
      "link": true
    },
    "node_modules/typescript": {
      "version": "4.9.5",
      "resolved": "https://registry.npmjs.org/typescript/-/typescript-4.9.5.tgz",
      "integrity": "sha512-1FXk9E2Hm+QzZQ7z+McJiHL4NW1F2EzMu9Nq9i3zAaGqibafqYwCVU6WyWAuyQRRzOlxou8xZSyXLEN8oKj24g==",
      "dev": true,
      "bin": {
        "tsc": "bin/tsc",
        "tsserver": "bin/tsserver"
      },
      "engines": {
        "node": ">=4.2.0"
      }
    }
  },
  "dependencies": {
    "neo4j-common": {
      "version": "file:../neo4j-common",
      "requires": {
        "@grpc/grpc-js": "^1.8.9",
        "google-protobuf": "^3.21.2",
        "grpc_tools_node_protoc_ts": "^5.0.0",
        "nodemon": "^2.0.20",
        "typescript": "^4.4.4"
      }
    },
    "typescript": {
      "version": "4.9.5",
      "resolved": "https://registry.npmjs.org/typescript/-/typescript-4.9.5.tgz",
      "integrity": "sha512-1FXk9E2Hm+QzZQ7z+McJiHL4NW1F2EzMu9Nq9i3zAaGqibafqYwCVU6WyWAuyQRRzOlxou8xZSyXLEN8oKj24g==",
      "dev": true
    }
  }
}
